
Microsoft Visual Studio Solution File, Format Version 12.00
# Visual Studio Version 17
VisualStudioVersion = 17.6.33723.286
MinimumVisualStudioVersion = 10.0.40219.1
Project("{8BC9CEB8-8B4A-11D0-8D11-00A0C91BC942}") = "w5p1", "w5p1.vcxproj", "{EEE739E0-74D2-4B57-9E53-51B723276C1E}"
EndProject
Global
	GlobalSection(SolutionConfigurationPlatforms) = preSolution
		Debug|x64 = Debug|x64
		Debug|x86 = Debug|x86
		Release|x64 = Release|x64
		Release|x86 = Release|x86
	EndGlobalSection
	GlobalSection(ProjectConfigurationPlatforms) = postSolution
		{EEE739E0-74D2-4B57-9E53-51B723276C1E}.Debug|x64.ActiveCfg = Debug|x64
		{EEE739E0-74D2-4B57-9E53-51B723276C1E}.Debug|x64.Build.0 = Debug|x64
		{EEE739E0-74D2-4B57-9E53-51B723276C1E}.Debug|x86.ActiveCfg = Debug|Win32
		{EEE739E0-74D2-4B57-9E53-51B723276C1E}.Debug|x86.Build.0 = Debug|Win32
		{EEE739E0-74D2-4B57-9E53-51B723276C1E}.Release|x64.ActiveCfg = Release|x64
		{EEE739E0-74D2-4B57-9E53-51B723276C1E}.Release|x64.Build.0 = Release|x64
		{EEE739E0-74D2-4B57-9E53-51B723276C1E}.Release|x86.ActiveCfg = Release|Win32
		{EEE739E0-74D2-4B57-9E53-51B723276C1E}.Release|x86.Build.0 = Release|Win32
	EndGlobalSection
	GlobalSection(SolutionProperties) = preSolution
		HideSolutionNode = FALSE
	EndGlobalSection
	GlobalSection(ExtensibilityGlobals) = postSolution
		SolutionGuid = {5C96DFFB-DE57-482F-9CBD-B94AC01DA756}
	EndGlobalSection
EndGlobal
